
Microsoft Visual Studio Solution File, Format Version 12.00
# Visual Studio Version 16
VisualStudioVersion = 16.0.29709.97
MinimumVisualStudioVersion = 10.0.40219.1
Project("{FAE04EC0-301F-11D3-BF4B-00C04F79EFBC}") = "GC_Lab_2.2", "GC_Lab_2.2\GC_Lab_2.2.csproj", "{A7918D5B-D874-4B3F-9F2B-4E5FD1CEB293}"
EndProject
Global
	GlobalSection(SolutionConfigurationPlatforms) = preSolution
		Debug|Any CPU = Debug|Any CPU
		Release|Any CPU = Release|Any CPU
	EndGlobalSection
	GlobalSection(ProjectConfigurationPlatforms) = postSolution
		{A7918D5B-D874-4B3F-9F2B-4E5FD1CEB293}.Debug|Any CPU.ActiveCfg = Debug|Any CPU
		{A7918D5B-D874-4B3F-9F2B-4E5FD1CEB293}.Debug|Any CPU.Build.0 = Debug|Any CPU
		{A7918D5B-D874-4B3F-9F2B-4E5FD1CEB293}.Release|Any CPU.ActiveCfg = Release|Any CPU
		{A7918D5B-D874-4B3F-9F2B-4E5FD1CEB293}.Release|Any CPU.Build.0 = Release|Any CPU
	EndGlobalSection
	GlobalSection(SolutionProperties) = preSolution
		HideSolutionNode = FALSE
	EndGlobalSection
	GlobalSection(ExtensibilityGlobals) = postSolution
		SolutionGuid = {EC77A658-09B6-4E4E-AF1B-FFAD590E8D24}
	EndGlobalSection
EndGlobal
